
Microsoft Visual Studio Solution File, Format Version 12.00
# Visual Studio 15
VisualStudioVersion = 15.0.27004.2008
MinimumVisualStudioVersion = 10.0.40219.1
Project("{FAE04EC0-301F-11D3-BF4B-00C04F79EFBC}") = "GameLauncherUpdate", "GameLauncherUpdate\GameLauncherUpdate.csproj", "{C3DFD242-2688-4228-88E8-D4588CBA1833}"
EndProject
Global
	GlobalSection(SolutionConfigurationPlatforms) = preSolution
		Debug|Any CPU = Debug|Any CPU
		Release|Any CPU = Release|Any CPU
	EndGlobalSection
	GlobalSection(ProjectConfigurationPlatforms) = postSolution
		{C3DFD242-2688-4228-88E8-D4588CBA1833}.Debug|Any CPU.ActiveCfg = Debug|Any CPU
		{C3DFD242-2688-4228-88E8-D4588CBA1833}.Debug|Any CPU.Build.0 = Debug|Any CPU
		{C3DFD242-2688-4228-88E8-D4588CBA1833}.Release|Any CPU.ActiveCfg = Release|Any CPU
		{C3DFD242-2688-4228-88E8-D4588CBA1833}.Release|Any CPU.Build.0 = Release|Any CPU
	EndGlobalSection
	GlobalSection(SolutionProperties) = preSolution
		HideSolutionNode = FALSE
	EndGlobalSection
	GlobalSection(ExtensibilityGlobals) = postSolution
		SolutionGuid = {E2DF7203-6318-4D54-A173-614255976357}
	EndGlobalSection
EndGlobal
